{
  "version": 4,
  "terraform_version": "1.9.7",
  "serial": 17,
  "lineage": "38ba6648-8f29-1602-21ce-8820e6a66437",
  "outputs": {},
  "resources": [
    {
      "mode": "managed",
      "type": "local_file",
      "name": "pet",
      "provider": "provider[\"registry.terraform.io/hashicorp/local\"]",
      "instances": [
        {
          "schema_version": 0,
          "attributes": {
            "content": "We love pets!\n{random_pet.my_pet[*].id}",
            "content_base64": null,
            "content_base64sha256": "FCaX59Q8c5fawIMjRWcQb+nqaAmVg3hQYwU/2AboepE=",
            "content_base64sha512": "5BFKD2/zNSwp7c6KYyu4/UF3EtZkI7eSPB0V/6vAtbqTs96uHBNm7RalVcWzOfXuYwdKXjNHKMo/Urk4GcPBOQ==",
            "content_md5": "c99f5133a73359bbd57d425610ea0f8b",
            "content_sha1": "a7900a756a84103e5606c751405f14c110d38745",
            "content_sha256": "142697e7d43c7397dac083234567106fe9ea68099583785063053fd806e87a91",
            "content_sha512": "e4114a0f6ff3352c29edce8a632bb8fd417712d66423b7923c1d15ffabc0b5ba93b3deae1c1366ed16a555c5b339f5ee63074a5e334728ca3f52b93819c3c139",
            "directory_permission": "0777",
            "file_permission": "0777",
            "filename": "/workspaces/Terraform_Test/day_one/pets.txt",
            "id": "a7900a756a84103e5606c751405f14c110d38745",
            "sensitive_content": null,
            "source": null
          },
          "sensitive_attributes": [
            [
              {
                "type": "get_attr",
                "value": "sensitive_content"
              }
            ]
          ]
        }
      ]
    },
    {
      "mode": "managed",
      "type": "random_pet",
      "name": "my-pet",
      "provider": "provider[\"registry.terraform.io/hashicorp/random\"]",
      "instances": [
        {
          "schema_version": 0,
          "attributes": {
            "id": "Mrs.typically.preferably.arguably.engaging.quetzal",
            "keepers": null,
            "length": 5,
            "prefix": "Mrs",
            "separator": "."
          },
          "sensitive_attributes": []
        }
      ]
    }
  ],
  "check_results": null
}
